
Microsoft Visual Studio Solution File, Format Version 12.00
# Visual Studio 2013
VisualStudioVersion = 12.0.31101.0
MinimumVisualStudioVersion = 10.0.40219.1
Project("{FAE04EC0-301F-11D3-BF4B-00C04F79EFBC}") = "PlagiarismChecker", "PlagiarismChecker\PlagiarismChecker.csproj", "{F22A3007-26B1-4F6F-8B9F-FF9C544DB5BC}"
EndProject
Global
	GlobalSection(SolutionConfigurationPlatforms) = preSolution
		Debug|Any CPU = Debug|Any CPU
		Release|Any CPU = Release|Any CPU
	EndGlobalSection
	GlobalSection(ProjectConfigurationPlatforms) = postSolution
		{F22A3007-26B1-4F6F-8B9F-FF9C544DB5BC}.Debug|Any CPU.ActiveCfg = Debug|Any CPU
		{F22A3007-26B1-4F6F-8B9F-FF9C544DB5BC}.Debug|Any CPU.Build.0 = Debug|Any CPU
		{F22A3007-26B1-4F6F-8B9F-FF9C544DB5BC}.Release|Any CPU.ActiveCfg = Release|Any CPU
		{F22A3007-26B1-4F6F-8B9F-FF9C544DB5BC}.Release|Any CPU.Build.0 = Release|Any CPU
	EndGlobalSection
	GlobalSection(SolutionProperties) = preSolution
		HideSolutionNode = FALSE
	EndGlobalSection
EndGlobal
